
Microsoft Visual Studio Solution File, Format Version 10.00
# Visual Studio 2008
Project("{8BC9CEB8-8B4A-11D0-8D11-00A0C91BC942}") = "simc", "simc.vcproj", "{00058543-E5EA-1540-B535-BCE859AA319E}"
EndProject
Project("{8BC9CEB8-8B4A-11D0-8D11-00A0C91BC942}") = "evds", "evds.vcproj", "{EE4E6F16-F056-1746-B855-ADA3599F7386}"
	ProjectSection(ProjectDependencies) = postProject
		{00058543-E5EA-1540-B535-BCE859AA319E} = {00058543-E5EA-1540-B535-BCE859AA319E}
	EndProjectSection
EndProject
Project("{8BC9CEB8-8B4A-11D0-8D11-00A0C91BC942}") = "rdrs", "rdrs.vcproj", "{1418E57D-CB20-5542-8D85-B90995D5B8BE}"
	ProjectSection(ProjectDependencies) = postProject
		{00058543-E5EA-1540-B535-BCE859AA319E} = {00058543-E5EA-1540-B535-BCE859AA319E}
	EndProjectSection
EndProject
Project("{8BC9CEB8-8B4A-11D0-8D11-00A0C91BC942}") = "GLC_lib", "GLC_lib.vcproj", "{50AF7C75-E289-8B40-BAD2-49A898A8B447}"
EndProject
Project("{8BC9CEB8-8B4A-11D0-8D11-00A0C91BC942}") = "foxworks_editor", "foxworks_editor.vcproj", "{C84AD4D2-2D63-1842-871E-30B7C71BEA58}"
	ProjectSection(ProjectDependencies) = postProject
		{1418E57D-CB20-5542-8D85-B90995D5B8BE} = {1418E57D-CB20-5542-8D85-B90995D5B8BE}
		{EE4E6F16-F056-1746-B855-ADA3599F7386} = {EE4E6F16-F056-1746-B855-ADA3599F7386}
		{00058543-E5EA-1540-B535-BCE859AA319E} = {00058543-E5EA-1540-B535-BCE859AA319E}
		{50AF7C75-E289-8B40-BAD2-49A898A8B447} = {50AF7C75-E289-8B40-BAD2-49A898A8B447}
	EndProjectSection
EndProject
Global
	GlobalSection(SolutionConfigurationPlatforms) = preSolution
		Debug|Win32 = Debug|Win32
		Debug|x64 = Debug|x64
		DebugDynamic|Win32 = DebugDynamic|Win32
		DebugDynamic|x64 = DebugDynamic|x64
		DebugSingleThread|Win32 = DebugSingleThread|Win32
		DebugSingleThread|x64 = DebugSingleThread|x64
		DebugSingleThreadDynamic|Win32 = DebugSingleThreadDynamic|Win32
		DebugSingleThreadDynamic|x64 = DebugSingleThreadDynamic|x64
		Release|Win32 = Release|Win32
		Release|x64 = Release|x64
		ReleaseDynamic|Win32 = ReleaseDynamic|Win32
		ReleaseDynamic|x64 = ReleaseDynamic|x64
		ReleaseSingleThread|Win32 = ReleaseSingleThread|Win32
		ReleaseSingleThread|x64 = ReleaseSingleThread|x64
		ReleaseSingleThreadDynamic|Win32 = ReleaseSingleThreadDynamic|Win32
		ReleaseSingleThreadDynamic|x64 = ReleaseSingleThreadDynamic|x64
	EndGlobalSection
	GlobalSection(ProjectConfigurationPlatforms) = postSolution
		{00058543-E5EA-1540-B535-BCE859AA319E}.Debug|Win32.ActiveCfg = Debug|Win32
		{00058543-E5EA-1540-B535-BCE859AA319E}.Debug|Win32.Build.0 = Debug|Win32
		{00058543-E5EA-1540-B535-BCE859AA319E}.Debug|x64.ActiveCfg = Debug|x64
		{00058543-E5EA-1540-B535-BCE859AA319E}.Debug|x64.Build.0 = Debug|x64
		{00058543-E5EA-1540-B535-BCE859AA319E}.DebugDynamic|Win32.ActiveCfg = DebugDynamic|Win32
		{00058543-E5EA-1540-B535-BCE859AA319E}.DebugDynamic|Win32.Build.0 = DebugDynamic|Win32
		{00058543-E5EA-1540-B535-BCE859AA319E}.DebugDynamic|x64.ActiveCfg = DebugDynamic|x64
		{00058543-E5EA-1540-B535-BCE859AA319E}.DebugDynamic|x64.Build.0 = DebugDynamic|x64
		{00058543-E5EA-1540-B535-BCE859AA319E}.DebugSingleThread|Win32.ActiveCfg = DebugSingleThread|Win32
		{00058543-E5EA-1540-B535-BCE859AA319E}.DebugSingleThread|Win32.Build.0 = DebugSingleThread|Win32
		{00058543-E5EA-1540-B535-BCE859AA319E}.DebugSingleThread|x64.ActiveCfg = DebugSingleThread|x64
		{00058543-E5EA-1540-B535-BCE859AA319E}.DebugSingleThread|x64.Build.0 = DebugSingleThread|x64
		{00058543-E5EA-1540-B535-BCE859AA319E}.DebugSingleThreadDynamic|Win32.ActiveCfg = DebugSingleThreadDynamic|Win32
		{00058543-E5EA-1540-B535-BCE859AA319E}.DebugSingleThreadDynamic|Win32.Build.0 = DebugSingleThreadDynamic|Win32
		{00058543-E5EA-1540-B535-BCE859AA319E}.DebugSingleThreadDynamic|x64.ActiveCfg = DebugSingleThreadDynamic|x64
		{00058543-E5EA-1540-B535-BCE859AA319E}.DebugSingleThreadDynamic|x64.Build.0 = DebugSingleThreadDynamic|x64
		{00058543-E5EA-1540-B535-BCE859AA319E}.Release|Win32.ActiveCfg = Release|Win32
		{00058543-E5EA-1540-B535-BCE859AA319E}.Release|Win32.Build.0 = Release|Win32
		{00058543-E5EA-1540-B535-BCE859AA319E}.Release|x64.ActiveCfg = Release|x64
		{00058543-E5EA-1540-B535-BCE859AA319E}.Release|x64.Build.0 = Release|x64
		{00058543-E5EA-1540-B535-BCE859AA319E}.ReleaseDynamic|Win32.ActiveCfg = ReleaseDynamic|Win32
		{00058543-E5EA-1540-B535-BCE859AA319E}.ReleaseDynamic|Win32.Build.0 = ReleaseDynamic|Win32
		{00058543-E5EA-1540-B535-BCE859AA319E}.ReleaseDynamic|x64.ActiveCfg = ReleaseDynamic|x64
		{00058543-E5EA-1540-B535-BCE859AA319E}.ReleaseDynamic|x64.Build.0 = ReleaseDynamic|x64
		{00058543-E5EA-1540-B535-BCE859AA319E}.ReleaseSingleThread|Win32.ActiveCfg = ReleaseSingleThread|Win32
		{00058543-E5EA-1540-B535-BCE859AA319E}.ReleaseSingleThread|Win32.Build.0 = ReleaseSingleThread|Win32
		{00058543-E5EA-1540-B535-BCE859AA319E}.ReleaseSingleThread|x64.ActiveCfg = ReleaseSingleThread|x64
		{00058543-E5EA-1540-B535-BCE859AA319E}.ReleaseSingleThread|x64.Build.0 = ReleaseSingleThread|x64
		{00058543-E5EA-1540-B535-BCE859AA319E}.ReleaseSingleThreadDynamic|Win32.ActiveCfg = ReleaseSingleThreadDynamic|Win32
		{00058543-E5EA-1540-B535-BCE859AA319E}.ReleaseSingleThreadDynamic|Win32.Build.0 = ReleaseSingleThreadDynamic|Win32
		{00058543-E5EA-1540-B535-BCE859AA319E}.ReleaseSingleThreadDynamic|x64.ActiveCfg = ReleaseSingleThreadDynamic|x64
		{00058543-E5EA-1540-B535-BCE859AA319E}.ReleaseSingleThreadDynamic|x64.Build.0 = ReleaseSingleThreadDynamic|x64
		{EE4E6F16-F056-1746-B855-ADA3599F7386}.Debug|Win32.ActiveCfg = Debug|Win32
		{EE4E6F16-F056-1746-B855-ADA3599F7386}.Debug|Win32.Build.0 = Debug|Win32
		{EE4E6F16-F056-1746-B855-ADA3599F7386}.Debug|x64.ActiveCfg = Debug|x64
		{EE4E6F16-F056-1746-B855-ADA3599F7386}.Debug|x64.Build.0 = Debug|x64
		{EE4E6F16-F056-1746-B855-ADA3599F7386}.DebugDynamic|Win32.ActiveCfg = DebugDynamic|Win32
		{EE4E6F16-F056-1746-B855-ADA3599F7386}.DebugDynamic|Win32.Build.0 = DebugDynamic|Win32
		{EE4E6F16-F056-1746-B855-ADA3599F7386}.DebugDynamic|x64.ActiveCfg = DebugDynamic|x64
		{EE4E6F16-F056-1746-B855-ADA3599F7386}.DebugDynamic|x64.Build.0 = DebugDynamic|x64
		{EE4E6F16-F056-1746-B855-ADA3599F7386}.DebugSingleThread|Win32.ActiveCfg = DebugSingleThread|Win32
		{EE4E6F16-F056-1746-B855-ADA3599F7386}.DebugSingleThread|Win32.Build.0 = DebugSingleThread|Win32
		{EE4E6F16-F056-1746-B855-ADA3599F7386}.DebugSingleThread|x64.ActiveCfg = DebugSingleThread|x64
		{EE4E6F16-F056-1746-B855-ADA3599F7386}.DebugSingleThread|x64.Build.0 = DebugSingleThread|x64
		{EE4E6F16-F056-1746-B855-ADA3599F7386}.DebugSingleThreadDynamic|Win32.ActiveCfg = DebugSingleThreadDynamic|Win32
		{EE4E6F16-F056-1746-B855-ADA3599F7386}.DebugSingleThreadDynamic|Win32.Build.0 = DebugSingleThreadDynamic|Win32
		{EE4E6F16-F056-1746-B855-ADA3599F7386}.DebugSingleThreadDynamic|x64.ActiveCfg = DebugSingleThreadDynamic|x64
		{EE4E6F16-F056-1746-B855-ADA3599F7386}.DebugSingleThreadDynamic|x64.Build.0 = DebugSingleThreadDynamic|x64
		{EE4E6F16-F056-1746-B855-ADA3599F7386}.Release|Win32.ActiveCfg = Release|Win32
		{EE4E6F16-F056-1746-B855-ADA3599F7386}.Release|Win32.Build.0 = Release|Win32
		{EE4E6F16-F056-1746-B855-ADA3599F7386}.Release|x64.ActiveCfg = Release|x64
		{EE4E6F16-F056-1746-B855-ADA3599F7386}.Release|x64.Build.0 = Release|x64
		{EE4E6F16-F056-1746-B855-ADA3599F7386}.ReleaseDynamic|Win32.ActiveCfg = ReleaseDynamic|Win32
		{EE4E6F16-F056-1746-B855-ADA3599F7386}.ReleaseDynamic|Win32.Build.0 = ReleaseDynamic|Win32
		{EE4E6F16-F056-1746-B855-ADA3599F7386}.ReleaseDynamic|x64.ActiveCfg = ReleaseDynamic|x64
		{EE4E6F16-F056-1746-B855-ADA3599F7386}.ReleaseDynamic|x64.Build.0 = ReleaseDynamic|x64
		{EE4E6F16-F056-1746-B855-ADA3599F7386}.ReleaseSingleThread|Win32.ActiveCfg = ReleaseSingleThread|Win32
		{EE4E6F16-F056-1746-B855-ADA3599F7386}.ReleaseSingleThread|Win32.Build.0 = ReleaseSingleThread|Win32
		{EE4E6F16-F056-1746-B855-ADA3599F7386}.ReleaseSingleThread|x64.ActiveCfg = ReleaseSingleThread|x64
		{EE4E6F16-F056-1746-B855-ADA3599F7386}.ReleaseSingleThread|x64.Build.0 = ReleaseSingleThread|x64
		{EE4E6F16-F056-1746-B855-ADA3599F7386}.ReleaseSingleThreadDynamic|Win32.ActiveCfg = ReleaseSingleThreadDynamic|Win32
		{EE4E6F16-F056-1746-B855-ADA3599F7386}.ReleaseSingleThreadDynamic|Win32.Build.0 = ReleaseSingleThreadDynamic|Win32
		{EE4E6F16-F056-1746-B855-ADA3599F7386}.ReleaseSingleThreadDynamic|x64.ActiveCfg = ReleaseSingleThreadDynamic|x64
		{EE4E6F16-F056-1746-B855-ADA3599F7386}.ReleaseSingleThreadDynamic|x64.Build.0 = ReleaseSingleThreadDynamic|x64
		{1418E57D-CB20-5542-8D85-B90995D5B8BE}.Debug|Win32.ActiveCfg = Debug|Win32
		{1418E57D-CB20-5542-8D85-B90995D5B8BE}.Debug|Win32.Build.0 = Debug|Win32
		{1418E57D-CB20-5542-8D85-B90995D5B8BE}.Debug|x64.ActiveCfg = Debug|x64
		{1418E57D-CB20-5542-8D85-B90995D5B8BE}.Debug|x64.Build.0 = Debug|x64
		{1418E57D-CB20-5542-8D85-B90995D5B8BE}.DebugDynamic|Win32.ActiveCfg = DebugDynamic|Win32
		{1418E57D-CB20-5542-8D85-B90995D5B8BE}.DebugDynamic|Win32.Build.0 = DebugDynamic|Win32
		{1418E57D-CB20-5542-8D85-B90995D5B8BE}.DebugDynamic|x64.ActiveCfg = DebugDynamic|x64
		{1418E57D-CB20-5542-8D85-B90995D5B8BE}.DebugDynamic|x64.Build.0 = DebugDynamic|x64
		{1418E57D-CB20-5542-8D85-B90995D5B8BE}.DebugSingleThread|Win32.ActiveCfg = DebugSingleThread|Win32
		{1418E57D-CB20-5542-8D85-B90995D5B8BE}.DebugSingleThread|Win32.Build.0 = DebugSingleThread|Win32
		{1418E57D-CB20-5542-8D85-B90995D5B8BE}.DebugSingleThread|x64.ActiveCfg = DebugSingleThread|x64
		{1418E57D-CB20-5542-8D85-B90995D5B8BE}.DebugSingleThread|x64.Build.0 = DebugSingleThread|x64
		{1418E57D-CB20-5542-8D85-B90995D5B8BE}.DebugSingleThreadDynamic|Win32.ActiveCfg = DebugSingleThreadDynamic|Win32
		{1418E57D-CB20-5542-8D85-B90995D5B8BE}.DebugSingleThreadDynamic|Win32.Build.0 = DebugSingleThreadDynamic|Win32
		{1418E57D-CB20-5542-8D85-B90995D5B8BE}.DebugSingleThreadDynamic|x64.ActiveCfg = DebugSingleThreadDynamic|x64
		{1418E57D-CB20-5542-8D85-B90995D5B8BE}.DebugSingleThreadDynamic|x64.Build.0 = DebugSingleThreadDynamic|x64
		{1418E57D-CB20-5542-8D85-B90995D5B8BE}.Release|Win32.ActiveCfg = Release|Win32
		{1418E57D-CB20-5542-8D85-B90995D5B8BE}.Release|Win32.Build.0 = Release|Win32
		{1418E57D-CB20-5542-8D85-B90995D5B8BE}.Release|x64.ActiveCfg = Release|x64
		{1418E57D-CB20-5542-8D85-B90995D5B8BE}.Release|x64.Build.0 = Release|x64
		{1418E57D-CB20-5542-8D85-B90995D5B8BE}.ReleaseDynamic|Win32.ActiveCfg = ReleaseDynamic|Win32
		{1418E57D-CB20-5542-8D85-B90995D5B8BE}.ReleaseDynamic|Win32.Build.0 = ReleaseDynamic|Win32
		{1418E57D-CB20-5542-8D85-B90995D5B8BE}.ReleaseDynamic|x64.ActiveCfg = ReleaseDynamic|x64
		{1418E57D-CB20-5542-8D85-B90995D5B8BE}.ReleaseDynamic|x64.Build.0 = ReleaseDynamic|x64
		{1418E57D-CB20-5542-8D85-B90995D5B8BE}.ReleaseSingleThread|Win32.ActiveCfg = ReleaseSingleThread|Win32
		{1418E57D-CB20-5542-8D85-B90995D5B8BE}.ReleaseSingleThread|Win32.Build.0 = ReleaseSingleThread|Win32
		{1418E57D-CB20-5542-8D85-B90995D5B8BE}.ReleaseSingleThread|x64.ActiveCfg = ReleaseSingleThread|x64
		{1418E57D-CB20-5542-8D85-B90995D5B8BE}.ReleaseSingleThread|x64.Build.0 = ReleaseSingleThread|x64
		{1418E57D-CB20-5542-8D85-B90995D5B8BE}.ReleaseSingleThreadDynamic|Win32.ActiveCfg = ReleaseSingleThreadDynamic|Win32
		{1418E57D-CB20-5542-8D85-B90995D5B8BE}.ReleaseSingleThreadDynamic|Win32.Build.0 = ReleaseSingleThreadDynamic|Win32
		{1418E57D-CB20-5542-8D85-B90995D5B8BE}.ReleaseSingleThreadDynamic|x64.ActiveCfg = ReleaseSingleThreadDynamic|x64
		{1418E57D-CB20-5542-8D85-B90995D5B8BE}.ReleaseSingleThreadDynamic|x64.Build.0 = ReleaseSingleThreadDynamic|x64
		{50AF7C75-E289-8B40-BAD2-49A898A8B447}.Debug|Win32.ActiveCfg = Debug|Win32
		{50AF7C75-E289-8B40-BAD2-49A898A8B447}.Debug|Win32.Build.0 = Debug|Win32
		{50AF7C75-E289-8B40-BAD2-49A898A8B447}.Debug|x64.ActiveCfg = Debug|x64
		{50AF7C75-E289-8B40-BAD2-49A898A8B447}.Debug|x64.Build.0 = Debug|x64
		{50AF7C75-E289-8B40-BAD2-49A898A8B447}.DebugDynamic|Win32.ActiveCfg = DebugDynamic|Win32
		{50AF7C75-E289-8B40-BAD2-49A898A8B447}.DebugDynamic|Win32.Build.0 = DebugDynamic|Win32
		{50AF7C75-E289-8B40-BAD2-49A898A8B447}.DebugDynamic|x64.ActiveCfg = DebugDynamic|x64
		{50AF7C75-E289-8B40-BAD2-49A898A8B447}.DebugDynamic|x64.Build.0 = DebugDynamic|x64
		{50AF7C75-E289-8B40-BAD2-49A898A8B447}.DebugSingleThread|Win32.ActiveCfg = DebugSingleThread|Win32
		{50AF7C75-E289-8B40-BAD2-49A898A8B447}.DebugSingleThread|Win32.Build.0 = DebugSingleThread|Win32
		{50AF7C75-E289-8B40-BAD2-49A898A8B447}.DebugSingleThread|x64.ActiveCfg = DebugSingleThread|x64
		{50AF7C75-E289-8B40-BAD2-49A898A8B447}.DebugSingleThread|x64.Build.0 = DebugSingleThread|x64
		{50AF7C75-E289-8B40-BAD2-49A898A8B447}.DebugSingleThreadDynamic|Win32.ActiveCfg = DebugSingleThreadDynamic|Win32
		{50AF7C75-E289-8B40-BAD2-49A898A8B447}.DebugSingleThreadDynamic|Win32.Build.0 = DebugSingleThreadDynamic|Win32
		{50AF7C75-E289-8B40-BAD2-49A898A8B447}.DebugSingleThreadDynamic|x64.ActiveCfg = DebugSingleThreadDynamic|x64
		{50AF7C75-E289-8B40-BAD2-49A898A8B447}.DebugSingleThreadDynamic|x64.Build.0 = DebugSingleThreadDynamic|x64
		{50AF7C75-E289-8B40-BAD2-49A898A8B447}.Release|Win32.ActiveCfg = Release|Win32
		{50AF7C75-E289-8B40-BAD2-49A898A8B447}.Release|Win32.Build.0 = Release|Win32
		{50AF7C75-E289-8B40-BAD2-49A898A8B447}.Release|x64.ActiveCfg = Release|x64
		{50AF7C75-E289-8B40-BAD2-49A898A8B447}.Release|x64.Build.0 = Release|x64
		{50AF7C75-E289-8B40-BAD2-49A898A8B447}.ReleaseDynamic|Win32.ActiveCfg = ReleaseDynamic|Win32
		{50AF7C75-E289-8B40-BAD2-49A898A8B447}.ReleaseDynamic|Win32.Build.0 = ReleaseDynamic|Win32
		{50AF7C75-E289-8B40-BAD2-49A898A8B447}.ReleaseDynamic|x64.ActiveCfg = ReleaseDynamic|x64
		{50AF7C75-E289-8B40-BAD2-49A898A8B447}.ReleaseDynamic|x64.Build.0 = ReleaseDynamic|x64
		{50AF7C75-E289-8B40-BAD2-49A898A8B447}.ReleaseSingleThread|Win32.ActiveCfg = ReleaseSingleThread|Win32
		{50AF7C75-E289-8B40-BAD2-49A898A8B447}.ReleaseSingleThread|Win32.Build.0 = ReleaseSingleThread|Win32
		{50AF7C75-E289-8B40-BAD2-49A898A8B447}.ReleaseSingleThread|x64.ActiveCfg = ReleaseSingleThread|x64
		{50AF7C75-E289-8B40-BAD2-49A898A8B447}.ReleaseSingleThread|x64.Build.0 = ReleaseSingleThread|x64
		{50AF7C75-E289-8B40-BAD2-49A898A8B447}.ReleaseSingleThreadDynamic|Win32.ActiveCfg = ReleaseSingleThreadDynamic|Win32
		{50AF7C75-E289-8B40-BAD2-49A898A8B447}.ReleaseSingleThreadDynamic|Win32.Build.0 = ReleaseSingleThreadDynamic|Win32
		{50AF7C75-E289-8B40-BAD2-49A898A8B447}.ReleaseSingleThreadDynamic|x64.ActiveCfg = ReleaseSingleThreadDynamic|x64
		{50AF7C75-E289-8B40-BAD2-49A898A8B447}.ReleaseSingleThreadDynamic|x64.Build.0 = ReleaseSingleThreadDynamic|x64
		{C84AD4D2-2D63-1842-871E-30B7C71BEA58}.Debug|Win32.ActiveCfg = Debug|Win32
		{C84AD4D2-2D63-1842-871E-30B7C71BEA58}.Debug|Win32.Build.0 = Debug|Win32
		{C84AD4D2-2D63-1842-871E-30B7C71BEA58}.Debug|x64.ActiveCfg = Debug|x64
		{C84AD4D2-2D63-1842-871E-30B7C71BEA58}.Debug|x64.Build.0 = Debug|x64
		{C84AD4D2-2D63-1842-871E-30B7C71BEA58}.DebugDynamic|Win32.ActiveCfg = DebugDynamic|Win32
		{C84AD4D2-2D63-1842-871E-30B7C71BEA58}.DebugDynamic|Win32.Build.0 = DebugDynamic|Win32
		{C84AD4D2-2D63-1842-871E-30B7C71BEA58}.DebugDynamic|x64.ActiveCfg = DebugDynamic|x64
		{C84AD4D2-2D63-1842-871E-30B7C71BEA58}.DebugDynamic|x64.Build.0 = DebugDynamic|x64
		{C84AD4D2-2D63-1842-871E-30B7C71BEA58}.DebugSingleThread|Win32.ActiveCfg = DebugSingleThread|Win32
		{C84AD4D2-2D63-1842-871E-30B7C71BEA58}.DebugSingleThread|Win32.Build.0 = DebugSingleThread|Win32
		{C84AD4D2-2D63-1842-871E-30B7C71BEA58}.DebugSingleThread|x64.ActiveCfg = DebugSingleThread|x64
		{C84AD4D2-2D63-1842-871E-30B7C71BEA58}.DebugSingleThread|x64.Build.0 = DebugSingleThread|x64
		{C84AD4D2-2D63-1842-871E-30B7C71BEA58}.DebugSingleThreadDynamic|Win32.ActiveCfg = DebugSingleThreadDynamic|Win32
		{C84AD4D2-2D63-1842-871E-30B7C71BEA58}.DebugSingleThreadDynamic|Win32.Build.0 = DebugSingleThreadDynamic|Win32
		{C84AD4D2-2D63-1842-871E-30B7C71BEA58}.DebugSingleThreadDynamic|x64.ActiveCfg = DebugSingleThreadDynamic|x64
		{C84AD4D2-2D63-1842-871E-30B7C71BEA58}.DebugSingleThreadDynamic|x64.Build.0 = DebugSingleThreadDynamic|x64
		{C84AD4D2-2D63-1842-871E-30B7C71BEA58}.Release|Win32.ActiveCfg = Release|Win32
		{C84AD4D2-2D63-1842-871E-30B7C71BEA58}.Release|Win32.Build.0 = Release|Win32
		{C84AD4D2-2D63-1842-871E-30B7C71BEA58}.Release|x64.ActiveCfg = Release|x64
		{C84AD4D2-2D63-1842-871E-30B7C71BEA58}.Release|x64.Build.0 = Release|x64
		{C84AD4D2-2D63-1842-871E-30B7C71BEA58}.ReleaseDynamic|Win32.ActiveCfg = ReleaseDynamic|Win32
		{C84AD4D2-2D63-1842-871E-30B7C71BEA58}.ReleaseDynamic|Win32.Build.0 = ReleaseDynamic|Win32
		{C84AD4D2-2D63-1842-871E-30B7C71BEA58}.ReleaseDynamic|x64.ActiveCfg = ReleaseDynamic|x64
		{C84AD4D2-2D63-1842-871E-30B7C71BEA58}.ReleaseDynamic|x64.Build.0 = ReleaseDynamic|x64
		{C84AD4D2-2D63-1842-871E-30B7C71BEA58}.ReleaseSingleThread|Win32.ActiveCfg = ReleaseSingleThread|Win32
		{C84AD4D2-2D63-1842-871E-30B7C71BEA58}.ReleaseSingleThread|Win32.Build.0 = ReleaseSingleThread|Win32
		{C84AD4D2-2D63-1842-871E-30B7C71BEA58}.ReleaseSingleThread|x64.ActiveCfg = ReleaseSingleThread|x64
		{C84AD4D2-2D63-1842-871E-30B7C71BEA58}.ReleaseSingleThread|x64.Build.0 = ReleaseSingleThread|x64
		{C84AD4D2-2D63-1842-871E-30B7C71BEA58}.ReleaseSingleThreadDynamic|Win32.ActiveCfg = ReleaseSingleThreadDynamic|Win32
		{C84AD4D2-2D63-1842-871E-30B7C71BEA58}.ReleaseSingleThreadDynamic|Win32.Build.0 = ReleaseSingleThreadDynamic|Win32
		{C84AD4D2-2D63-1842-871E-30B7C71BEA58}.ReleaseSingleThreadDynamic|x64.ActiveCfg = ReleaseSingleThreadDynamic|x64
		{C84AD4D2-2D63-1842-871E-30B7C71BEA58}.ReleaseSingleThreadDynamic|x64.Build.0 = ReleaseSingleThreadDynamic|x64
	EndGlobalSection
	GlobalSection(SolutionProperties) = preSolution
		HideSolutionNode = FALSE
	EndGlobalSection
EndGlobal
